<?xml version="1.0" encoding="UTF-8" standalone="yes" ?>
<CodeBlocks_project_file>
	<FileVersion major="1" minor="6" />
	<Project>
		<Option title="SDUpdcast" />
		<Option pch_mode="2" />
		<Option compiler="dc-gcc" />
		<Build>
			<Target title="Debug">
				<Option output="bin/Debug/SDUpdcast.elf" prefix_auto="1" extension_auto="0" />
				<Option working_dir="" />
				<Option object_output="obj/Debug/" />
				<Option type="5" />
				<Option compiler="dc-gcc" />
				<Compiler>
					<Add option="-Wall" />
					<Add option="-O0" />
					<Add option="-g -Wa,-g -Wl,-g" />
					<Add option="-DDEBUG" />
				</Compiler>
				<Linker>
					<Add option="obj\Debug\wfont.o" />
					<Add option="obj\Debug\romdisk.o" />
				</Linker>
			</Target>
			<Target title="Release">
				<Option output="bin/Release/SDUpdcast.elf" prefix_auto="1" extension_auto="0" />
				<Option working_dir="" />
				<Option object_output="obj/Release/" />
				<Option type="5" />
				<Option compiler="dc-gcc" />
				<Compiler>
					<Add option="-Wall" />
					<Add option="-O2" />
					<Add option="-DRELEASE" />
					<Add option="-DNDEBUG" />
					<Add option="-DDBGLOG_DISABLED" />
				</Compiler>
				<Linker>
					<Add option="obj\Release\wfont.o" />
					<Add option="obj\Release\romdisk.o" />
				</Linker>
			</Target>
		</Build>
		<Linker>
			<Add library="stdc++" />
			<Add library="fatfs" />
			<Add library="png" />
			<Add library="z" />
			<Add library="ppp" />
		</Linker>
		<ExtraCommands>
			<Add before='cmd /c &quot;$(PROJECT_DIR)build_wfont.bat $(TARGET_OBJECT_DIR)&quot;' />
			<Add before='cmd /c &quot;$(PROJECT_DIR)build_romdisk.bat $(TARGET_OBJECT_DIR)&quot;' />
			<Add after='sh-elf-objcopy -O binary &quot;$TARGET_OUTPUT_FILE&quot; &quot;$(PROJECT_DIR)$(TARGET_OUTPUT_DIR)$(PROJECT_NAME).bin&quot;' />
			<Mode after="always" />
		</ExtraCommands>
		<UnitsGlob directory="src" wildcard="*.*" recursive="1" id="1343674964" addToProject="1">
			<Option target="Debug" />
			<Option target="Release" />
		</UnitsGlob>
		<Unit filename="src/SDUpdcast.h">
			<Option glob="1343674964" />
		</Unit>
		<Unit filename="src/bspatch/bspatch.c">
			<Option compilerVar="CC" />
			<Option glob="1343674964" />
		</Unit>
		<Unit filename="src/bspatch/bspatch.h">
			<Option glob="1343674964" />
		</Unit>
		<Unit filename="src/config.h">
			<Option glob="1343674964" />
		</Unit>
		<Unit filename="src/core/App.cpp">
			<Option glob="1343674964" />
		</Unit>
		<Unit filename="src/core/App.h">
			<Option glob="1343674964" />
		</Unit>
		<Unit filename="src/core/Logger.cpp">
			<Option glob="1343674964" />
		</Unit>
		<Unit filename="src/core/Logger.h">
			<Option glob="1343674964" />
		</Unit>
		<Unit filename="src/core/Network.cpp">
			<Option glob="1343674964" />
		</Unit>
		<Unit filename="src/core/Network.h">
			<Option glob="1343674964" />
		</Unit>
		<Unit filename="src/core/Utility.cpp">
			<Option glob="1343674964" />
		</Unit>
		<Unit filename="src/core/Utility.h">
			<Option glob="1343674964" />
		</Unit>
		<Unit filename="src/main.cpp">
			<Option glob="1343674964" />
		</Unit>
		<Extensions>
			<compiler project_loader_arguments="">
				<compiler_settings target="Debug" target_loader_arguments="" />
				<compiler_settings target="Release" target_loader_arguments="" />
			</compiler>
			<debugger>
				<remote_debugging target="Debug">
					<options conn_type="0" ip_address="localhost" ip_port="2159" loader_waiting_time="0" />
				</remote_debugging>
			</debugger>
		</Extensions>
	</Project>
</CodeBlocks_project_file>
