<?xml version="1.0" encoding="UTF-8" standalone="yes" ?>
<CodeBlocks_project_file>
	<FileVersion major="1" minor="6" />
	<Project>
		<Option title="SDUpdcast" />
		<Option pch_mode="2" />
		<Option compiler="dc-gcc" />
		<Build>
			<Target title="Debug">
				<Option output="bin/Debug/SDUpdcast.elf" prefix_auto="1" extension_auto="0" />
				<Option working_dir="" />
				<Option object_output="obj/Debug/" />
				<Option type="5" />
				<Option compiler="dc-gcc" />
				<Compiler>
					<Add option="-Wall" />
					<Add option="-O0" />
					<Add option="-g -Wa,-g -Wl,-g" />
					<Add option="-DDEBUG" />
				</Compiler>
			</Target>
			<Target title="Release">
				<Option output="bin/Release/SDUpdcast.elf" prefix_auto="1" extension_auto="0" />
				<Option working_dir="" />
				<Option object_output="obj/Release/" />
				<Option type="5" />
				<Option compiler="dc-gcc" />
				<Compiler>
					<Add option="-Wall" />
					<Add option="-O2" />
					<Add option="-DRELEASE" />
					<Add option="-DNDEBUG" />
					<Add option="-DDBGLOG_DISABLED" />
				</Compiler>
			</Target>
		</Build>
		<Linker>
			<Add library="stdc++" />
		</Linker>
		<Unit filename="cd/cd_root/cdfs.txt" />
		<Unit filename="main.cpp" />
		<Unit filename="rd/romdisk/romfs.txt" />
		<Unit filename="rdcd/cd_root/cdfs.txt" />
		<Unit filename="rdcd/romdisk/romfs.txt" />
		<Extensions>
			<compiler project_loader_arguments="">
				<compiler_settings target="Debug" target_loader_arguments="" />
				<compiler_settings target="Release" target_loader_arguments="" />
			</compiler>
			<debugger>
				<remote_debugging target="Debug">
					<options conn_type="0" ip_address="localhost" ip_port="2159" loader_waiting_time="0" />
				</remote_debugging>
			</debugger>
		</Extensions>
	</Project>
</CodeBlocks_project_file>
